// !$*UTF8*$!
{
	archiveVersion = 1;
	classes = {
	};
	objectVersion = 55;
	objects = {

/* Begin PBXBuildFile section */
		185B564027FD5DBF00BBF41B /* AppDelegate.swift in Sources */ = {isa = PBXBuildFile; fileRef = 185B563F27FD5DBF00BBF41B /* AppDelegate.swift */; };
		185B564227FD5DBF00BBF41B /* SceneDelegate.swift in Sources */ = {isa = PBXBuildFile; fileRef = 185B564127FD5DBF00BBF41B /* SceneDelegate.swift */; };
		185B564427FD5DBF00BBF41B /* ViewController.swift in Sources */ = {isa = PBXBuildFile; fileRef = 185B564327FD5DBF00BBF41B /* ViewController.swift */; };
		185B564727FD5DBF00BBF41B /* Main.storyboard in Resources */ = {isa = PBXBuildFile; fileRef = 185B564527FD5DBF00BBF41B /* Main.storyboard */; };
		185B564927FD5DC500BBF41B /* Assets.xcassets in Resources */ = {isa = PBXBuildFile; fileRef = 185B564827FD5DC500BBF41B /* Assets.xcassets */; };
		185B564C27FD5DC500BBF41B /* LaunchScreen.storyboard in Resources */ = {isa = PBXBuildFile; fileRef = 185B564A27FD5DC500BBF41B /* LaunchScreen.storyboard */; };
		185B565727FD5DC600BBF41B /* RxSwiftLearningTests.swift in Sources */ = {isa = PBXBuildFile; fileRef = 185B565627FD5DC600BBF41B /* RxSwiftLearningTests.swift */; };
		185B566127FD5DC600BBF41B /* RxSwiftLearningUITests.swift in Sources */ = {isa = PBXBuildFile; fileRef = 185B566027FD5DC600BBF41B /* RxSwiftLearningUITests.swift */; };
		185B566327FD5DC600BBF41B /* RxSwiftLearningUITestsLaunchTests.swift in Sources */ = {isa = PBXBuildFile; fileRef = 185B566227FD5DC600BBF41B /* RxSwiftLearningUITestsLaunchTests.swift */; };
/* End PBXBuildFile section */

/* Begin PBXContainerItemProxy section */
		185B565327FD5DC600BBF41B /* PBXContainerItemProxy */ = {
			isa = PBXContainerItemProxy;
			containerPortal = 185B563427FD5DBF00BBF41B /* Project object */;
			proxyType = 1;
			remoteGlobalIDString = 185B563B27FD5DBF00BBF41B;
			remoteInfo = RxSwiftLearning;
		};
		185B565D27FD5DC600BBF41B /* PBXContainerItemProxy */ = {
			isa = PBXContainerItemProxy;
			containerPortal = 185B563427FD5DBF00BBF41B /* Project object */;
			proxyType = 1;
			remoteGlobalIDString = 185B563B27FD5DBF00BBF41B;
			remoteInfo = RxSwiftLearning;
		};
/* End PBXContainerItemProxy section */

/* Begin PBXFileReference section */
		185B563C27FD5DBF00BBF41B /* RxSwiftLearning.app */ = {isa = PBXFileReference; explicitFileType = wrapper.application; includeInIndex = 0; path = RxSwiftLearning.app; sourceTree = BUILT_PRODUCTS_DIR; };
		185B563F27FD5DBF00BBF41B /* AppDelegate.swift */ = {isa = PBXFileReference; lastKnownFileType = sourcecode.swift; path = AppDelegate.swift; sourceTree = "<group>"; };
		185B564127FD5DBF00BBF41B /* SceneDelegate.swift */ = {isa = PBXFileReference; lastKnownFileType = sourcecode.swift; path = SceneDelegate.swift; sourceTree = "<group>"; };
		185B564327FD5DBF00BBF41B /* ViewController.swift */ = {isa = PBXFileReference; lastKnownFileType = sourcecode.swift; path = ViewController.swift; sourceTree = "<group>"; };
		185B564627FD5DBF00BBF41B /* Base */ = {isa = PBXFileReference; lastKnownFileType = file.storyboard; name = Base; path = Base.lproj/Main.storyboard; sourceTree = "<group>"; };
		185B564827FD5DC500BBF41B /* Assets.xcassets */ = {isa = PBXFileReference; lastKnownFileType = folder.assetcatalog; path = Assets.xcassets; sourceTree = "<group>"; };
		185B564B27FD5DC500BBF41B /* Base */ = {isa = PBXFileReference; lastKnownFileType = file.storyboard; name = Base; path = Base.lproj/LaunchScreen.storyboard; sourceTree = "<group>"; };
		185B564D27FD5DC500BBF41B /* Info.plist */ = {isa = PBXFileReference; lastKnownFileType = text.plist.xml; path = Info.plist; sourceTree = "<group>"; };
		185B565227FD5DC600BBF41B /* RxSwiftLearningTests.xctest */ = {isa = PBXFileReference; explicitFileType = wrapper.cfbundle; includeInIndex = 0; path = RxSwiftLearningTests.xctest; sourceTree = BUILT_PRODUCTS_DIR; };
		185B565627FD5DC600BBF41B /* RxSwiftLearningTests.swift */ = {isa = PBXFileReference; lastKnownFileType = sourcecode.swift; path = RxSwiftLearningTests.swift; sourceTree = "<group>"; };
		185B565C27FD5DC600BBF41B /* RxSwiftLearningUITests.xctest */ = {isa = PBXFileReference; explicitFileType = wrapper.cfbundle; includeInIndex = 0; path = RxSwiftLearningUITests.xctest; sourceTree = BUILT_PRODUCTS_DIR; };
		185B566027FD5DC600BBF41B /* RxSwiftLearningUITests.swift */ = {isa = PBXFileReference; lastKnownFileType = sourcecode.swift; path = RxSwiftLearningUITests.swift; sourceTree = "<group>"; };
		185B566227FD5DC600BBF41B /* RxSwiftLearningUITestsLaunchTests.swift */ = {isa = PBXFileReference; lastKnownFileType = sourcecode.swift; path = RxSwiftLearningUITestsLaunchTests.swift; sourceTree = "<group>"; };
/* End PBXFileReference section */

/* Begin PBXFrameworksBuildPhase section */
		185B563927FD5DBF00BBF41B /* Frameworks */ = {
			isa = PBXFrameworksBuildPhase;
			buildActionMask = 2147483647;
			files = (
			);
			runOnlyForDeploymentPostprocessing = 0;
		};
		185B564F27FD5DC600BBF41B /* Frameworks */ = {
			isa = PBXFrameworksBuildPhase;
			buildActionMask = 2147483647;
			files = (
			);
			runOnlyForDeploymentPostprocessing = 0;
		};
		185B565927FD5DC600BBF41B /* Frameworks */ = {
			isa = PBXFrameworksBuildPhase;
			buildActionMask = 2147483647;
			files = (
			);
			runOnlyForDeploymentPostprocessing = 0;
		};
/* End PBXFrameworksBuildPhase section */

/* Begin PBXGroup section */
		185B563327FD5DBF00BBF41B = {
			isa = PBXGroup;
			children = (
				185B563E27FD5DBF00BBF41B /* RxSwiftLearning */,
				185B565527FD5DC600BBF41B /* RxSwiftLearningTests */,
				185B565F27FD5DC600BBF41B /* RxSwiftLearningUITests */,
				185B563D27FD5DBF00BBF41B /* Products */,
			);
			sourceTree = "<group>";
		};
		185B563D27FD5DBF00BBF41B /* Products */ = {
			isa = PBXGroup;
			children = (
				185B563C27FD5DBF00BBF41B /* RxSwiftLearning.app */,
				185B565227FD5DC600BBF41B /* RxSwiftLearningTests.xctest */,
				185B565C27FD5DC600BBF41B /* RxSwiftLearningUITests.xctest */,
			);
			name = Products;
			sourceTree = "<group>";
		};
		185B563E27FD5DBF00BBF41B /* RxSwiftLearning */ = {
			isa = PBXGroup;
			children = (
				185B563F27FD5DBF00BBF41B /* AppDelegate.swift */,
				185B564127FD5DBF00BBF41B /* SceneDelegate.swift */,
				185B564327FD5DBF00BBF41B /* ViewController.swift */,
				185B564527FD5DBF00BBF41B /* Main.storyboard */,
				185B564827FD5DC500BBF41B /* Assets.xcassets */,
				185B564A27FD5DC500BBF41B /* LaunchScreen.storyboard */,
				185B564D27FD5DC500BBF41B /* Info.plist */,
			);
			path = RxSwiftLearning;
			sourceTree = "<group>";
		};
		185B565527FD5DC600BBF41B /* RxSwiftLearningTests */ = {
			isa = PBXGroup;
			children = (
				185B565627FD5DC600BBF41B /* RxSwiftLearningTests.swift */,
			);
			path = RxSwiftLearningTests;
			sourceTree = "<group>";
		};
		185B565F27FD5DC600BBF41B /* RxSwiftLearningUITests */ = {
			isa = PBXGroup;
			children = (
				185B566027FD5DC600BBF41B /* RxSwiftLearningUITests.swift */,
				185B566227FD5DC600BBF41B /* RxSwiftLearningUITestsLaunchTests.swift */,
			);
			path = RxSwiftLearningUITests;
			sourceTree = "<group>";
		};
/* End PBXGroup section */

/* Begin PBXNativeTarget section */
		185B563B27FD5DBF00BBF41B /* RxSwiftLearning */ = {
			isa = PBXNativeTarget;
			buildConfigurationList = 185B566627FD5DC600BBF41B /* Build configuration list for PBXNativeTarget "RxSwiftLearning" */;
			buildPhases = (
				185B563827FD5DBF00BBF41B /* Sources */,
				185B563927FD5DBF00BBF41B /* Frameworks */,
				185B563A27FD5DBF00BBF41B /* Resources */,
			);
			buildRules = (
			);
			dependencies = (
			);
			name = RxSwiftLearning;
			productName = RxSwiftLearning;
			productReference = 185B563C27FD5DBF00BBF41B /* RxSwiftLearning.app */;
			productType = "com.apple.product-type.application";
		};
		185B565127FD5DC600BBF41B /* RxSwiftLearningTests */ = {
			isa = PBXNativeTarget;
			buildConfigurationList = 185B566927FD5DC600BBF41B /* Build configuration list for PBXNativeTarget "RxSwiftLearningTests" */;
			buildPhases = (
				185B564E27FD5DC600BBF41B /* Sources */,
				185B564F27FD5DC600BBF41B /* Frameworks */,
				185B565027FD5DC600BBF41B /* Resources */,
			);
			buildRules = (
			);
			dependencies = (
				185B565427FD5DC600BBF41B /* PBXTargetDependency */,
			);
			name = RxSwiftLearningTests;
			productName = RxSwiftLearningTests;
			productReference = 185B565227FD5DC600BBF41B /* RxSwiftLearningTests.xctest */;
			productType = "com.apple.product-type.bundle.unit-test";
		};
		185B565B27FD5DC600BBF41B /* RxSwiftLearningUITests */ = {
			isa = PBXNativeTarget;
			buildConfigurationList = 185B566C27FD5DC600BBF41B /* Build configuration list for PBXNativeTarget "RxSwiftLearningUITests" */;
			buildPhases = (
				185B565827FD5DC600BBF41B /* Sources */,
				185B565927FD5DC600BBF41B /* Frameworks */,
				185B565A27FD5DC600BBF41B /* Resources */,
			);
			buildRules = (
			);
			dependencies = (
				185B565E27FD5DC600BBF41B /* PBXTargetDependency */,
			);
			name = RxSwiftLearningUITests;
			productName = RxSwiftLearningUITests;
			productReference = 185B565C27FD5DC600BBF41B /* RxSwiftLearningUITests.xctest */;
			productType = "com.apple.product-type.bundle.ui-testing";
		};
/* End PBXNativeTarget section */

/* Begin PBXProject section */
		185B563427FD5DBF00BBF41B /* Project object */ = {
			isa = PBXProject;
			attributes = {
				BuildIndependentTargetsInParallel = 1;
				LastSwiftUpdateCheck = 1300;
				LastUpgradeCheck = 1300;
				TargetAttributes = {
					185B563B27FD5DBF00BBF41B = {
						CreatedOnToolsVersion = 13.0;
					};
					185B565127FD5DC600BBF41B = {
						CreatedOnToolsVersion = 13.0;
						TestTargetID = 185B563B27FD5DBF00BBF41B;
					};
					185B565B27FD5DC600BBF41B = {
						CreatedOnToolsVersion = 13.0;
						TestTargetID = 185B563B27FD5DBF00BBF41B;
					};
				};
			};
			buildConfigurationList = 185B563727FD5DBF00BBF41B /* Build configuration list for PBXProject "RxSwiftLearning" */;
			compatibilityVersion = "Xcode 13.0";
			developmentRegion = en;
			hasScannedForEncodings = 0;
			knownRegions = (
				en,
				Base,
			);
			mainGroup = 185B563327FD5DBF00BBF41B;
			productRefGroup = 185B563D27FD5DBF00BBF41B /* Products */;
			projectDirPath = "";
			projectRoot = "";
			targets = (
				185B563B27FD5DBF00BBF41B /* RxSwiftLearning */,
				185B565127FD5DC600BBF41B /* RxSwiftLearningTests */,
				185B565B27FD5DC600BBF41B /* RxSwiftLearningUITests */,
			);
		};
/* End PBXProject section */

/* Begin PBXResourcesBuildPhase section */
		185B563A27FD5DBF00BBF41B /* Resources */ = {
			isa = PBXResourcesBuildPhase;
			buildActionMask = 2147483647;
			files = (
				185B564C27FD5DC500BBF41B /* LaunchScreen.storyboard in Resources */,
				185B564927FD5DC500BBF41B /* Assets.xcassets in Resources */,
				185B564727FD5DBF00BBF41B /* Main.storyboard in Resources */,
			);
			runOnlyForDeploymentPostprocessing = 0;
		};
		185B565027FD5DC600BBF41B /* Resources */ = {
			isa = PBXResourcesBuildPhase;
			buildActionMask = 2147483647;
			files = (
			);
			runOnlyForDeploymentPostprocessing = 0;
		};
		185B565A27FD5DC600BBF41B /* Resources */ = {
			isa = PBXResourcesBuildPhase;
			buildActionMask = 2147483647;
			files = (
			);
			runOnlyForDeploymentPostprocessing = 0;
		};
/* End PBXResourcesBuildPhase section */

/* Begin PBXSourcesBuildPhase section */
		185B563827FD5DBF00BBF41B /* Sources */ = {
			isa = PBXSourcesBuildPhase;
			buildActionMask = 2147483647;
			files = (
				185B564427FD5DBF00BBF41B /* ViewController.swift in Sources */,
				185B564027FD5DBF00BBF41B /* AppDelegate.swift in Sources */,
				185B564227FD5DBF00BBF41B /* SceneDelegate.swift in Sources */,
			);
			runOnlyForDeploymentPostprocessing = 0;
		};
		185B564E27FD5DC600BBF41B /* Sources */ = {
			isa = PBXSourcesBuildPhase;
			buildActionMask = 2147483647;
			files = (
				185B565727FD5DC600BBF41B /* RxSwiftLearningTests.swift in Sources */,
			);
			runOnlyForDeploymentPostprocessing = 0;
		};
		185B565827FD5DC600BBF41B /* Sources */ = {
			isa = PBXSourcesBuildPhase;
			buildActionMask = 2147483647;
			files = (
				185B566327FD5DC600BBF41B /* RxSwiftLearningUITestsLaunchTests.swift in Sources */,
				185B566127FD5DC600BBF41B /* RxSwiftLearningUITests.swift in Sources */,
			);
			runOnlyForDeploymentPostprocessing = 0;
		};
/* End PBXSourcesBuildPhase section */

/* Begin PBXTargetDependency section */
		185B565427FD5DC600BBF41B /* PBXTargetDependency */ = {
			isa = PBXTargetDependency;
			target = 185B563B27FD5DBF00BBF41B /* RxSwiftLearning */;
			targetProxy = 185B565327FD5DC600BBF41B /* PBXContainerItemProxy */;
		};
		185B565E27FD5DC600BBF41B /* PBXTargetDependency */ = {
			isa = PBXTargetDependency;
			target = 185B563B27FD5DBF00BBF41B /* RxSwiftLearning */;
			targetProxy = 185B565D27FD5DC600BBF41B /* PBXContainerItemProxy */;
		};
/* End PBXTargetDependency section */

/* Begin PBXVariantGroup section */
		185B564527FD5DBF00BBF41B /* Main.storyboard */ = {
			isa = PBXVariantGroup;
			children = (
				185B564627FD5DBF00BBF41B /* Base */,
			);
			name = Main.storyboard;
			sourceTree = "<group>";
		};
		185B564A27FD5DC500BBF41B /* LaunchScreen.storyboard */ = {
			isa = PBXVariantGroup;
			children = (
				185B564B27FD5DC500BBF41B /* Base */,
			);
			name = LaunchScreen.storyboard;
			sourceTree = "<group>";
		};
/* End PBXVariantGroup section */

/* Begin XCBuildConfiguration section */
		185B566427FD5DC600BBF41B /* Debug */ = {
			isa = XCBuildConfiguration;
			buildSettings = {
				ALWAYS_SEARCH_USER_PATHS = NO;
				CLANG_ANALYZER_NONNULL = YES;
				CLANG_ANALYZER_NUMBER_OBJECT_CONVERSION = YES_AGGRESSIVE;
				CLANG_CXX_LANGUAGE_STANDARD = "gnu++17";
				CLANG_CXX_LIBRARY = "libc++";
				CLANG_ENABLE_MODULES = YES;
				CLANG_ENABLE_OBJC_ARC = YES;
				CLANG_ENABLE_OBJC_WEAK = YES;
				CLANG_WARN_BLOCK_CAPTURE_AUTORELEASING = YES;
				CLANG_WARN_BOOL_CONVERSION = YES;
				CLANG_WARN_COMMA = YES;
				CLANG_WARN_CONSTANT_CONVERSION = YES;
				CLANG_WARN_DEPRECATED_OBJC_IMPLEMENTATIONS = YES;
				CLANG_WARN_DIRECT_OBJC_ISA_USAGE = YES_ERROR;
				CLANG_WARN_DOCUMENTATION_COMMENTS = YES;
				CLANG_WARN_EMPTY_BODY = YES;
				CLANG_WARN_ENUM_CONVERSION = YES;
				CLANG_WARN_INFINITE_RECURSION = YES;
				CLANG_WARN_INT_CONVERSION = YES;
				CLANG_WARN_NON_LITERAL_NULL_CONVERSION = YES;
				CLANG_WARN_OBJC_IMPLICIT_RETAIN_SELF = YES;
				CLANG_WARN_OBJC_LITERAL_CONVERSION = YES;
				CLANG_WARN_OBJC_ROOT_CLASS = YES_ERROR;
				CLANG_WARN_QUOTED_INCLUDE_IN_FRAMEWORK_HEADER = YES;
				CLANG_WARN_RANGE_LOOP_ANALYSIS = YES;
				CLANG_WARN_STRICT_PROTOTYPES = YES;
				CLANG_WARN_SUSPICIOUS_MOVE = YES;
				CLANG_WARN_UNGUARDED_AVAILABILITY = YES_AGGRESSIVE;
				CLANG_WARN_UNREACHABLE_CODE = YES;
				CLANG_WARN__DUPLICATE_METHOD_MATCH = YES;
				COPY_PHASE_STRIP = NO;
				DEBUG_INFORMATION_FORMAT = dwarf;
				ENABLE_STRICT_OBJC_MSGSEND = YES;
				ENABLE_TESTABILITY = YES;
				GCC_C_LANGUAGE_STANDARD = gnu11;
				GCC_DYNAMIC_NO_PIC = NO;
				GCC_NO_COMMON_BLOCKS = YES;
				GCC_OPTIMIZATION_LEVEL = 0;
				GCC_PREPROCESSOR_DEFINITIONS = (
					"DEBUG=1",
					"$(inherited)",
				);
				GCC_WARN_64_TO_32_BIT_CONVERSION = YES;
				GCC_WARN_ABOUT_RETURN_TYPE = YES_ERROR;
				GCC_WARN_UNDECLARED_SELECTOR = YES;
				GCC_WARN_UNINITIALIZED_AUTOS = YES_AGGRESSIVE;
				GCC_WARN_UNUSED_FUNCTION = YES;
				GCC_WARN_UNUSED_VARIABLE = YES;
				IPHONEOS_DEPLOYMENT_TARGET = 15.0;
				MTL_ENABLE_DEBUG_INFO = INCLUDE_SOURCE;
				MTL_FAST_MATH = YES;
				ONLY_ACTIVE_ARCH = YES;
				SDKROOT = iphoneos;
				SWIFT_ACTIVE_COMPILATION_CONDITIONS = DEBUG;
				SWIFT_OPTIMIZATION_LEVEL = "-Onone";
			};
			name = Debug;
		};
		185B566527FD5DC600BBF41B /* Release */ = {
			isa = XCBuildConfiguration;
			buildSettings = {
				ALWAYS_SEARCH_USER_PATHS = NO;
				CLANG_ANALYZER_NONNULL = YES;
				CLANG_ANALYZER_NUMBER_OBJECT_CONVERSION = YES_AGGRESSIVE;
				CLANG_CXX_LANGUAGE_STANDARD = "gnu++17";
				CLANG_CXX_LIBRARY = "libc++";
				CLANG_ENABLE_MODULES = YES;
				CLANG_ENABLE_OBJC_ARC = YES;
				CLANG_ENABLE_OBJC_WEAK = YES;
				CLANG_WARN_BLOCK_CAPTURE_AUTORELEASING = YES;
				CLANG_WARN_BOOL_CONVERSION = YES;
				CLANG_WARN_COMMA = YES;
				CLANG_WARN_CONSTANT_CONVERSION = YES;
				CLANG_WARN_DEPRECATED_OBJC_IMPLEMENTATIONS = YES;
				CLANG_WARN_DIRECT_OBJC_ISA_USAGE = YES_ERROR;
				CLANG_WARN_DOCUMENTATION_COMMENTS = YES;
				CLANG_WARN_EMPTY_BODY = YES;
				CLANG_WARN_ENUM_CONVERSION = YES;
				CLANG_WARN_INFINITE_RECURSION = YES;
				CLANG_WARN_INT_CONVERSION = YES;
				CLANG_WARN_NON_LITERAL_NULL_CONVERSION = YES;
				CLANG_WARN_OBJC_IMPLICIT_RETAIN_SELF = YES;
				CLANG_WARN_OBJC_LITERAL_CONVERSION = YES;
				CLANG_WARN_OBJC_ROOT_CLASS = YES_ERROR;
				CLANG_WARN_QUOTED_INCLUDE_IN_FRAMEWORK_HEADER = YES;
				CLANG_WARN_RANGE_LOOP_ANALYSIS = YES;
				CLANG_WARN_STRICT_PROTOTYPES = YES;
				CLANG_WARN_SUSPICIOUS_MOVE = YES;
				CLANG_WARN_UNGUARDED_AVAILABILITY = YES_AGGRESSIVE;
				CLANG_WARN_UNREACHABLE_CODE = YES;
				CLANG_WARN__DUPLICATE_METHOD_MATCH = YES;
				COPY_PHASE_STRIP = NO;
				DEBUG_INFORMATION_FORMAT = "dwarf-with-dsym";
				ENABLE_NS_ASSERTIONS = NO;
				ENABLE_STRICT_OBJC_MSGSEND = YES;
				GCC_C_LANGUAGE_STANDARD = gnu11;
				GCC_NO_COMMON_BLOCKS = YES;
				GCC_WARN_64_TO_32_BIT_CONVERSION = YES;
				GCC_WARN_ABOUT_RETURN_TYPE = YES_ERROR;
				GCC_WARN_UNDECLARED_SELECTOR = YES;
				GCC_WARN_UNINITIALIZED_AUTOS = YES_AGGRESSIVE;
				GCC_WARN_UNUSED_FUNCTION = YES;
				GCC_WARN_UNUSED_VARIABLE = YES;
				IPHONEOS_DEPLOYMENT_TARGET = 15.0;
				MTL_ENABLE_DEBUG_INFO = NO;
				MTL_FAST_MATH = YES;
				SDKROOT = iphoneos;
				SWIFT_COMPILATION_MODE = wholemodule;
				SWIFT_OPTIMIZATION_LEVEL = "-O";
				VALIDATE_PRODUCT = YES;
			};
			name = Release;
		};
		185B566727FD5DC600BBF41B /* Debug */ = {
			isa = XCBuildConfiguration;
			buildSettings = {
				ASSETCATALOG_COMPILER_APPICON_NAME = AppIcon;
				ASSETCATALOG_COMPILER_GLOBAL_ACCENT_COLOR_NAME = AccentColor;
				CODE_SIGN_STYLE = Automatic;
				CURRENT_PROJECT_VERSION = 1;
				DEVELOPMENT_TEAM = AG5Y695WLP;
				GENERATE_INFOPLIST_FILE = YES;
				INFOPLIST_FILE = RxSwiftLearning/Info.plist;
				INFOPLIST_KEY_UIApplicationSupportsIndirectInputEvents = YES;
				INFOPLIST_KEY_UILaunchStoryboardName = LaunchScreen;
				INFOPLIST_KEY_UIMainStoryboardFile = Main;
				INFOPLIST_KEY_UISupportedInterfaceOrientations_iPad = "UIInterfaceOrientationPortrait UIInterfaceOrientationPortraitUpsideDown UIInterfaceOrientationLandscapeLeft UIInterfaceOrientationLandscapeRight";
				INFOPLIST_KEY_UISupportedInterfaceOrientations_iPhone = "UIInterfaceOrientationPortrait UIInterfaceOrientationLandscapeLeft UIInterfaceOrientationLandscapeRight";
				LD_RUNPATH_SEARCH_PATHS = (
					"$(inherited)",
					"@executable_path/Frameworks",
				);
				MARKETING_VERSION = 1.0;
				PRODUCT_BUNDLE_IDENTIFIER = test.RxSwiftLearning;
				PRODUCT_NAME = "$(TARGET_NAME)";
				SWIFT_EMIT_LOC_STRINGS = YES;
				SWIFT_VERSION = 5.0;
				TARGETED_DEVICE_FAMILY = "1,2";
			};
			name = Debug;
		};
		185B566827FD5DC600BBF41B /* Release */ = {
			isa = XCBuildConfiguration;
			buildSettings = {
				ASSETCATALOG_COMPILER_APPICON_NAME = AppIcon;
				ASSETCATALOG_COMPILER_GLOBAL_ACCENT_COLOR_NAME = AccentColor;
				CODE_SIGN_STYLE = Automatic;
				CURRENT_PROJECT_VERSION = 1;
				DEVELOPMENT_TEAM = AG5Y695WLP;
				GENERATE_INFOPLIST_FILE = YES;
				INFOPLIST_FILE = RxSwiftLearning/Info.plist;
				INFOPLIST_KEY_UIApplicationSupportsIndirectInputEvents = YES;
				INFOPLIST_KEY_UILaunchStoryboardName = LaunchScreen;
				INFOPLIST_KEY_UIMainStoryboardFile = Main;
				INFOPLIST_KEY_UISupportedInterfaceOrientations_iPad = "UIInterfaceOrientationPortrait UIInterfaceOrientationPortraitUpsideDown UIInterfaceOrientationLandscapeLeft UIInterfaceOrientationLandscapeRight";
				INFOPLIST_KEY_UISupportedInterfaceOrientations_iPhone = "UIInterfaceOrientationPortrait UIInterfaceOrientationLandscapeLeft UIInterfaceOrientationLandscapeRight";
				LD_RUNPATH_SEARCH_PATHS = (
					"$(inherited)",
					"@executable_path/Frameworks",
				);
				MARKETING_VERSION = 1.0;
				PRODUCT_BUNDLE_IDENTIFIER = test.RxSwiftLearning;
				PRODUCT_NAME = "$(TARGET_NAME)";
				SWIFT_EMIT_LOC_STRINGS = YES;
				SWIFT_VERSION = 5.0;
				TARGETED_DEVICE_FAMILY = "1,2";
			};
			name = Release;
		};
		185B566A27FD5DC600BBF41B /* Debug */ = {
			isa = XCBuildConfiguration;
			buildSettings = {
				ALWAYS_EMBED_SWIFT_STANDARD_LIBRARIES = YES;
				BUNDLE_LOADER = "$(TEST_HOST)";
				CODE_SIGN_STYLE = Automatic;
				CURRENT_PROJECT_VERSION = 1;
				DEVELOPMENT_TEAM = AG5Y695WLP;
				GENERATE_INFOPLIST_FILE = YES;
				IPHONEOS_DEPLOYMENT_TARGET = 15.0;
				LD_RUNPATH_SEARCH_PATHS = (
					"$(inherited)",
					"@executable_path/Frameworks",
					"@loader_path/Frameworks",
				);
				MARKETING_VERSION = 1.0;
				PRODUCT_BUNDLE_IDENTIFIER = test.RxSwiftLearningTests;
				PRODUCT_NAME = "$(TARGET_NAME)";
				SWIFT_EMIT_LOC_STRINGS = NO;
				SWIFT_VERSION = 5.0;
				TARGETED_DEVICE_FAMILY = "1,2";
				TEST_HOST = "$(BUILT_PRODUCTS_DIR)/RxSwiftLearning.app/RxSwiftLearning";
			};
			name = Debug;
		};
		185B566B27FD5DC600BBF41B /* Release */ = {
			isa = XCBuildConfiguration;
			buildSettings = {
				ALWAYS_EMBED_SWIFT_STANDARD_LIBRARIES = YES;
				BUNDLE_LOADER = "$(TEST_HOST)";
				CODE_SIGN_STYLE = Automatic;
				CURRENT_PROJECT_VERSION = 1;
				DEVELOPMENT_TEAM = AG5Y695WLP;
				GENERATE_INFOPLIST_FILE = YES;
				IPHONEOS_DEPLOYMENT_TARGET = 15.0;
				LD_RUNPATH_SEARCH_PATHS = (
					"$(inherited)",
					"@executable_path/Frameworks",
					"@loader_path/Frameworks",
				);
				MARKETING_VERSION = 1.0;
				PRODUCT_BUNDLE_IDENTIFIER = test.RxSwiftLearningTests;
				PRODUCT_NAME = "$(TARGET_NAME)";
				SWIFT_EMIT_LOC_STRINGS = NO;
				SWIFT_VERSION = 5.0;
				TARGETED_DEVICE_FAMILY = "1,2";
				TEST_HOST = "$(BUILT_PRODUCTS_DIR)/RxSwiftLearning.app/RxSwiftLearning";
			};
			name = Release;
		};
		185B566D27FD5DC600BBF41B /* Debug */ = {
			isa = XCBuildConfiguration;
			buildSettings = {
				ALWAYS_EMBED_SWIFT_STANDARD_LIBRARIES = YES;
				CODE_SIGN_STYLE = Automatic;
				CURRENT_PROJECT_VERSION = 1;
				DEVELOPMENT_TEAM = AG5Y695WLP;
				GENERATE_INFOPLIST_FILE = YES;
				LD_RUNPATH_SEARCH_PATHS = (
					"$(inherited)",
					"@executable_path/Frameworks",
					"@loader_path/Frameworks",
				);
				MARKETING_VERSION = 1.0;
				PRODUCT_BUNDLE_IDENTIFIER = test.RxSwiftLearningUITests;
				PRODUCT_NAME = "$(TARGET_NAME)";
				SWIFT_EMIT_LOC_STRINGS = NO;
				SWIFT_VERSION = 5.0;
				TARGETED_DEVICE_FAMILY = "1,2";
				TEST_TARGET_NAME = RxSwiftLearning;
			};
			name = Debug;
		};
		185B566E27FD5DC600BBF41B /* Release */ = {
			isa = XCBuildConfiguration;
			buildSettings = {
				ALWAYS_EMBED_SWIFT_STANDARD_LIBRARIES = YES;
				CODE_SIGN_STYLE = Automatic;
				CURRENT_PROJECT_VERSION = 1;
				DEVELOPMENT_TEAM = AG5Y695WLP;
				GENERATE_INFOPLIST_FILE = YES;
				LD_RUNPATH_SEARCH_PATHS = (
					"$(inherited)",
					"@executable_path/Frameworks",
					"@loader_path/Frameworks",
				);
				MARKETING_VERSION = 1.0;
				PRODUCT_BUNDLE_IDENTIFIER = test.RxSwiftLearningUITests;
				PRODUCT_NAME = "$(TARGET_NAME)";
				SWIFT_EMIT_LOC_STRINGS = NO;
				SWIFT_VERSION = 5.0;
				TARGETED_DEVICE_FAMILY = "1,2";
				TEST_TARGET_NAME = RxSwiftLearning;
			};
			name = Release;
		};
/* End XCBuildConfiguration section */

/* Begin XCConfigurationList section */
		185B563727FD5DBF00BBF41B /* Build configuration list for PBXProject "RxSwiftLearning" */ = {
			isa = XCConfigurationList;
			buildConfigurations = (
				185B566427FD5DC600BBF41B /* Debug */,
				185B566527FD5DC600BBF41B /* Release */,
			);
			defaultConfigurationIsVisible = 0;
			defaultConfigurationName = Release;
		};
		185B566627FD5DC600BBF41B /* Build configuration list for PBXNativeTarget "RxSwiftLearning" */ = {
			isa = XCConfigurationList;
			buildConfigurations = (
				185B566727FD5DC600BBF41B /* Debug */,
				185B566827FD5DC600BBF41B /* Release */,
			);
			defaultConfigurationIsVisible = 0;
			defaultConfigurationName = Release;
		};
		185B566927FD5DC600BBF41B /* Build configuration list for PBXNativeTarget "RxSwiftLearningTests" */ = {
			isa = XCConfigurationList;
			buildConfigurations = (
				185B566A27FD5DC600BBF41B /* Debug */,
				185B566B27FD5DC600BBF41B /* Release */,
			);
			defaultConfigurationIsVisible = 0;
			defaultConfigurationName = Release;
		};
		185B566C27FD5DC600BBF41B /* Build configuration list for PBXNativeTarget "RxSwiftLearningUITests" */ = {
			isa = XCConfigurationList;
			buildConfigurations = (
				185B566D27FD5DC600BBF41B /* Debug */,
				185B566E27FD5DC600BBF41B /* Release */,
			);
			defaultConfigurationIsVisible = 0;
			defaultConfigurationName = Release;
		};
/* End XCConfigurationList section */
	};
	rootObject = 185B563427FD5DBF00BBF41B /* Project object */;
}
